
Microsoft Visual Studio Solution File, Format Version 12.00
Project("{FAE04EC0-301F-11D3-BF4B-00C04F79EFBC}") = "MeusMedicamentos.Api", "MeusMedicamentos.Api\MeusMedicamentos.Api.csproj", "{D356B551-0198-4387-AC7A-314C08AE65CF}"
EndProject
Global
	GlobalSection(SolutionConfigurationPlatforms) = preSolution
		Debug|Any CPU = Debug|Any CPU
		Release|Any CPU = Release|Any CPU
	EndGlobalSection
	GlobalSection(ProjectConfigurationPlatforms) = postSolution
		{D356B551-0198-4387-AC7A-314C08AE65CF}.Debug|Any CPU.ActiveCfg = Debug|Any CPU
		{D356B551-0198-4387-AC7A-314C08AE65CF}.Debug|Any CPU.Build.0 = Debug|Any CPU
		{D356B551-0198-4387-AC7A-314C08AE65CF}.Release|Any CPU.ActiveCfg = Release|Any CPU
		{D356B551-0198-4387-AC7A-314C08AE65CF}.Release|Any CPU.Build.0 = Release|Any CPU
	EndGlobalSection
EndGlobal
